
Microsoft Visual Studio Solution File, Format Version 12.00
# Visual Studio Version 17
VisualStudioVersion = 17.8.34330.188
MinimumVisualStudioVersion = 10.0.40219.1
Project("{FAE04EC0-301F-11D3-BF4B-00C04F79EFBC}") = "EmailService", "EmailService\EmailService.csproj", "{46184C6D-EBB8-4358-BFC7-27ADB8F419FE}"
EndProject
Global
	GlobalSection(SolutionConfigurationPlatforms) = preSolution
		Debug|Any CPU = Debug|Any CPU
		Release|Any CPU = Release|Any CPU
	EndGlobalSection
	GlobalSection(ProjectConfigurationPlatforms) = postSolution
		{46184C6D-EBB8-4358-BFC7-27ADB8F419FE}.Debug|Any CPU.ActiveCfg = Debug|Any CPU
		{46184C6D-EBB8-4358-BFC7-27ADB8F419FE}.Debug|Any CPU.Build.0 = Debug|Any CPU
		{46184C6D-EBB8-4358-BFC7-27ADB8F419FE}.Release|Any CPU.ActiveCfg = Release|Any CPU
		{46184C6D-EBB8-4358-BFC7-27ADB8F419FE}.Release|Any CPU.Build.0 = Release|Any CPU
	EndGlobalSection
	GlobalSection(SolutionProperties) = preSolution
		HideSolutionNode = FALSE
	EndGlobalSection
	GlobalSection(ExtensibilityGlobals) = postSolution
		SolutionGuid = {21572C7C-1151-44BA-8AB0-F04A2148E362}
	EndGlobalSection
EndGlobal
